
Microsoft Visual Studio Solution File, Format Version 12.00
# Visual Studio Version 16
VisualStudioVersion = 16.0.29728.190
MinimumVisualStudioVersion = 10.0.40219.1
Project("{FAE04EC0-301F-11D3-BF4B-00C04F79EFBC}") = "MainWin", "MainWin.csproj", "{265CA2CC-5CC2-418D-95E6-2522E26AD218}"
EndProject
Project("{FAE04EC0-301F-11D3-BF4B-00C04F79EFBC}") = "SubWin1", "..\SubWin1\SubWin1.csproj", "{B64CAADB-4A80-4804-BB61-11A5C854B979}"
EndProject
Project("{FAE04EC0-301F-11D3-BF4B-00C04F79EFBC}") = "SubWin2", "..\SubWin2\SubWin2.csproj", "{3A54456F-6BA1-4086-B7C9-ED1CED8969AD}"
EndProject
Global
	GlobalSection(SolutionConfigurationPlatforms) = preSolution
		Debug|Any CPU = Debug|Any CPU
		Release|Any CPU = Release|Any CPU
	EndGlobalSection
	GlobalSection(ProjectConfigurationPlatforms) = postSolution
		{265CA2CC-5CC2-418D-95E6-2522E26AD218}.Debug|Any CPU.ActiveCfg = Debug|Any CPU
		{265CA2CC-5CC2-418D-95E6-2522E26AD218}.Debug|Any CPU.Build.0 = Debug|Any CPU
		{265CA2CC-5CC2-418D-95E6-2522E26AD218}.Release|Any CPU.ActiveCfg = Release|Any CPU
		{265CA2CC-5CC2-418D-95E6-2522E26AD218}.Release|Any CPU.Build.0 = Release|Any CPU
		{B64CAADB-4A80-4804-BB61-11A5C854B979}.Debug|Any CPU.ActiveCfg = Debug|Any CPU
		{B64CAADB-4A80-4804-BB61-11A5C854B979}.Debug|Any CPU.Build.0 = Debug|Any CPU
		{B64CAADB-4A80-4804-BB61-11A5C854B979}.Release|Any CPU.ActiveCfg = Release|Any CPU
		{B64CAADB-4A80-4804-BB61-11A5C854B979}.Release|Any CPU.Build.0 = Release|Any CPU
		{3A54456F-6BA1-4086-B7C9-ED1CED8969AD}.Debug|Any CPU.ActiveCfg = Debug|Any CPU
		{3A54456F-6BA1-4086-B7C9-ED1CED8969AD}.Debug|Any CPU.Build.0 = Debug|Any CPU
		{3A54456F-6BA1-4086-B7C9-ED1CED8969AD}.Release|Any CPU.ActiveCfg = Release|Any CPU
		{3A54456F-6BA1-4086-B7C9-ED1CED8969AD}.Release|Any CPU.Build.0 = Release|Any CPU
	EndGlobalSection
	GlobalSection(SolutionProperties) = preSolution
		HideSolutionNode = FALSE
	EndGlobalSection
	GlobalSection(ExtensibilityGlobals) = postSolution
		SolutionGuid = {B7272663-A0CF-4ACF-ACC9-DC31D6A2DD44}
	EndGlobalSection
EndGlobal
